
Microsoft Visual Studio Solution File, Format Version 12.00
# Visual Studio Version 17
VisualStudioVersion = 17.5.33516.290
MinimumVisualStudioVersion = 10.0.40219.1
Project("{FAE04EC0-301F-11D3-BF4B-00C04F79EFBC}") = "TodoApi", "TodoApi.csproj", "{181303C1-D904-4D79-84E2-F9937658DB70}"
EndProject
Global
	GlobalSection(SolutionConfigurationPlatforms) = preSolution
		Debug|Any CPU = Debug|Any CPU
		Release|Any CPU = Release|Any CPU
	EndGlobalSection
	GlobalSection(ProjectConfigurationPlatforms) = postSolution
		{181303C1-D904-4D79-84E2-F9937658DB70}.Debug|Any CPU.ActiveCfg = Debug|Any CPU
		{181303C1-D904-4D79-84E2-F9937658DB70}.Debug|Any CPU.Build.0 = Debug|Any CPU
		{181303C1-D904-4D79-84E2-F9937658DB70}.Release|Any CPU.ActiveCfg = Release|Any CPU
		{181303C1-D904-4D79-84E2-F9937658DB70}.Release|Any CPU.Build.0 = Release|Any CPU
	EndGlobalSection
	GlobalSection(SolutionProperties) = preSolution
		HideSolutionNode = FALSE
	EndGlobalSection
	GlobalSection(ExtensibilityGlobals) = postSolution
		SolutionGuid = {B6E4F3E9-8270-4A07-BB76-F2ABD5E4A03B}
	EndGlobalSection
EndGlobal
